
Microsoft Visual Studio Solution File, Format Version 12.00
# Visual Studio 2012
Project("{2150E333-8FDC-42A3-9474-1A3956D46DE8}") = "Domain", "Domain", "{ABB85B73-39E8-476A-A3FE-93267F37B0B0}"
EndProject
Project("{2150E333-8FDC-42A3-9474-1A3956D46DE8}") = "UI", "UI", "{1BA29D83-1F43-465E-A5A2-32F02218F833}"
EndProject
Project("{FAE04EC0-301F-11D3-BF4B-00C04F79EFBC}") = "SOPS.WebUI", "UI\SOPS.WebUI\SOPS.WebUI.csproj", "{9145F621-9006-49CB-B8C0-F1C375C5EC83}"
EndProject
Project("{2150E333-8FDC-42A3-9474-1A3956D46DE8}") = "Infrastructure", "Infrastructure", "{7C4954DC-9DC1-46A1-9CD2-8A4E4BECE08D}"
EndProject
Project("{2150E333-8FDC-42A3-9474-1A3956D46DE8}") = "Membership", "Membership", "{CE0A652D-E401-4411-ABC4-C55D15A94238}"
EndProject
Project("{2150E333-8FDC-42A3-9474-1A3956D46DE8}") = "Repositories", "Repositories", "{198D3FB5-5AEC-4375-A40B-5C0D690E66A9}"
EndProject
Project("{FAE04EC0-301F-11D3-BF4B-00C04F79EFBC}") = "NHMembership", "Infrastructure\Membership\NHMembership\NHMembership.csproj", "{F1ED349F-5F93-4496-940D-92AAF12C9421}"
EndProject
Project("{FAE04EC0-301F-11D3-BF4B-00C04F79EFBC}") = "NHibernateRepository", "Infrastructure\Repositories\NHibernateRepository\NHibernateRepository.csproj", "{C21CCF4A-27C1-46E6-9A8B-634B89C87C91}"
EndProject
Project("{FAE04EC0-301F-11D3-BF4B-00C04F79EFBC}") = "SOPS.Model", "Domain\SOPS.Model\SOPS.Model.csproj", "{C61DE1ED-34C9-459E-91C3-2132C5F1C980}"
EndProject
Project("{FAE04EC0-301F-11D3-BF4B-00C04F79EFBC}") = "SOPS.Repositories", "Domain\SOPS.Repositories\SOPS.Repositories.csproj", "{A12A6599-6C13-4504-A2B6-E2138840DF85}"
EndProject
Project("{FAE04EC0-301F-11D3-BF4B-00C04F79EFBC}") = "SOPS.Services", "Domain\SOPS.Services\SOPS.Services.csproj", "{652695F3-C890-4F5E-9BAE-1E74236A9164}"
EndProject
Project("{2150E333-8FDC-42A3-9474-1A3956D46DE8}") = "Mail", "Mail", "{FA3D7514-6874-4C19-A3C5-3524943AD753}"
EndProject
Project("{FAE04EC0-301F-11D3-BF4B-00C04F79EFBC}") = "MailingService", "Infrastructure\MailingService\MailingService.csproj", "{8EA49898-121E-46ED-88B8-55B780CD9CC5}"
EndProject
Project("{2150E333-8FDC-42A3-9474-1A3956D46DE8}") = "Documents", "Documents", "{5A5B3E8B-CB59-4DB1-B7BC-731BF500495C}"
EndProject
Project("{FAE04EC0-301F-11D3-BF4B-00C04F79EFBC}") = "DocGen", "Infrastructure\Documents\DocGen\DocGen.csproj", "{158B3A2C-3586-42E1-AEE3-E8BBF5A30BA6}"
EndProject
Project("{2150E333-8FDC-42A3-9474-1A3956D46DE8}") = "Tools", "Tools", "{7A2E9C43-4C62-4800-AFF3-F63F4A2CF906}"
EndProject
Project("{FAE04EC0-301F-11D3-BF4B-00C04F79EFBC}") = "Sops.Services.IntegrationTests", "Domain\Sops.Services.IntegrationTests\Sops.Services.IntegrationTests.csproj", "{12AEE1B7-A0EA-40B5-946F-44BAFAFAECE7}"
EndProject
Project("{FAE04EC0-301F-11D3-BF4B-00C04F79EFBC}") = "InstallTool", "Tools\InstallTool\InstallTool.csproj", "{B93855D8-4B33-4B17-B7B7-39913153DF40}"
EndProject
Project("{FAE04EC0-301F-11D3-BF4B-00C04F79EFBC}") = "SampleDataGenerator", "Tools\SampleDataGenerator\SampleDataGenerator.csproj", "{771CA20F-7AE8-4D9A-BAE5-C470FADC217B}"
EndProject
Global
	GlobalSection(SolutionConfigurationPlatforms) = preSolution
		Debug|Any CPU = Debug|Any CPU
		Release|Any CPU = Release|Any CPU
	EndGlobalSection
	GlobalSection(ProjectConfigurationPlatforms) = postSolution
		{9145F621-9006-49CB-B8C0-F1C375C5EC83}.Debug|Any CPU.ActiveCfg = Debug|Any CPU
		{9145F621-9006-49CB-B8C0-F1C375C5EC83}.Debug|Any CPU.Build.0 = Debug|Any CPU
		{9145F621-9006-49CB-B8C0-F1C375C5EC83}.Release|Any CPU.ActiveCfg = Release|Any CPU
		{9145F621-9006-49CB-B8C0-F1C375C5EC83}.Release|Any CPU.Build.0 = Release|Any CPU
		{F1ED349F-5F93-4496-940D-92AAF12C9421}.Debug|Any CPU.ActiveCfg = Debug|Any CPU
		{F1ED349F-5F93-4496-940D-92AAF12C9421}.Debug|Any CPU.Build.0 = Debug|Any CPU
		{F1ED349F-5F93-4496-940D-92AAF12C9421}.Release|Any CPU.ActiveCfg = Release|Any CPU
		{F1ED349F-5F93-4496-940D-92AAF12C9421}.Release|Any CPU.Build.0 = Release|Any CPU
		{C21CCF4A-27C1-46E6-9A8B-634B89C87C91}.Debug|Any CPU.ActiveCfg = Debug|Any CPU
		{C21CCF4A-27C1-46E6-9A8B-634B89C87C91}.Debug|Any CPU.Build.0 = Debug|Any CPU
		{C21CCF4A-27C1-46E6-9A8B-634B89C87C91}.Release|Any CPU.ActiveCfg = Release|Any CPU
		{C21CCF4A-27C1-46E6-9A8B-634B89C87C91}.Release|Any CPU.Build.0 = Release|Any CPU
		{C61DE1ED-34C9-459E-91C3-2132C5F1C980}.Debug|Any CPU.ActiveCfg = Debug|Any CPU
		{C61DE1ED-34C9-459E-91C3-2132C5F1C980}.Debug|Any CPU.Build.0 = Debug|Any CPU
		{C61DE1ED-34C9-459E-91C3-2132C5F1C980}.Release|Any CPU.ActiveCfg = Release|Any CPU
		{C61DE1ED-34C9-459E-91C3-2132C5F1C980}.Release|Any CPU.Build.0 = Release|Any CPU
		{A12A6599-6C13-4504-A2B6-E2138840DF85}.Debug|Any CPU.ActiveCfg = Debug|Any CPU
		{A12A6599-6C13-4504-A2B6-E2138840DF85}.Debug|Any CPU.Build.0 = Debug|Any CPU
		{A12A6599-6C13-4504-A2B6-E2138840DF85}.Release|Any CPU.ActiveCfg = Release|Any CPU
		{A12A6599-6C13-4504-A2B6-E2138840DF85}.Release|Any CPU.Build.0 = Release|Any CPU
		{652695F3-C890-4F5E-9BAE-1E74236A9164}.Debug|Any CPU.ActiveCfg = Debug|Any CPU
		{652695F3-C890-4F5E-9BAE-1E74236A9164}.Debug|Any CPU.Build.0 = Debug|Any CPU
		{652695F3-C890-4F5E-9BAE-1E74236A9164}.Release|Any CPU.ActiveCfg = Release|Any CPU
		{652695F3-C890-4F5E-9BAE-1E74236A9164}.Release|Any CPU.Build.0 = Release|Any CPU
		{8EA49898-121E-46ED-88B8-55B780CD9CC5}.Debug|Any CPU.ActiveCfg = Debug|Any CPU
		{8EA49898-121E-46ED-88B8-55B780CD9CC5}.Debug|Any CPU.Build.0 = Debug|Any CPU
		{8EA49898-121E-46ED-88B8-55B780CD9CC5}.Release|Any CPU.ActiveCfg = Release|Any CPU
		{8EA49898-121E-46ED-88B8-55B780CD9CC5}.Release|Any CPU.Build.0 = Release|Any CPU
		{158B3A2C-3586-42E1-AEE3-E8BBF5A30BA6}.Debug|Any CPU.ActiveCfg = Debug|Any CPU
		{158B3A2C-3586-42E1-AEE3-E8BBF5A30BA6}.Debug|Any CPU.Build.0 = Debug|Any CPU
		{158B3A2C-3586-42E1-AEE3-E8BBF5A30BA6}.Release|Any CPU.ActiveCfg = Release|Any CPU
		{158B3A2C-3586-42E1-AEE3-E8BBF5A30BA6}.Release|Any CPU.Build.0 = Release|Any CPU
		{12AEE1B7-A0EA-40B5-946F-44BAFAFAECE7}.Debug|Any CPU.ActiveCfg = Debug|Any CPU
		{12AEE1B7-A0EA-40B5-946F-44BAFAFAECE7}.Debug|Any CPU.Build.0 = Debug|Any CPU
		{12AEE1B7-A0EA-40B5-946F-44BAFAFAECE7}.Release|Any CPU.ActiveCfg = Release|Any CPU
		{12AEE1B7-A0EA-40B5-946F-44BAFAFAECE7}.Release|Any CPU.Build.0 = Release|Any CPU
		{B93855D8-4B33-4B17-B7B7-39913153DF40}.Debug|Any CPU.ActiveCfg = Debug|Any CPU
		{B93855D8-4B33-4B17-B7B7-39913153DF40}.Debug|Any CPU.Build.0 = Debug|Any CPU
		{B93855D8-4B33-4B17-B7B7-39913153DF40}.Release|Any CPU.ActiveCfg = Release|Any CPU
		{B93855D8-4B33-4B17-B7B7-39913153DF40}.Release|Any CPU.Build.0 = Release|Any CPU
		{771CA20F-7AE8-4D9A-BAE5-C470FADC217B}.Debug|Any CPU.ActiveCfg = Debug|Any CPU
		{771CA20F-7AE8-4D9A-BAE5-C470FADC217B}.Debug|Any CPU.Build.0 = Debug|Any CPU
		{771CA20F-7AE8-4D9A-BAE5-C470FADC217B}.Release|Any CPU.ActiveCfg = Release|Any CPU
		{771CA20F-7AE8-4D9A-BAE5-C470FADC217B}.Release|Any CPU.Build.0 = Release|Any CPU
	EndGlobalSection
	GlobalSection(SolutionProperties) = preSolution
		HideSolutionNode = FALSE
	EndGlobalSection
	GlobalSection(NestedProjects) = preSolution
		{C61DE1ED-34C9-459E-91C3-2132C5F1C980} = {ABB85B73-39E8-476A-A3FE-93267F37B0B0}
		{A12A6599-6C13-4504-A2B6-E2138840DF85} = {ABB85B73-39E8-476A-A3FE-93267F37B0B0}
		{652695F3-C890-4F5E-9BAE-1E74236A9164} = {ABB85B73-39E8-476A-A3FE-93267F37B0B0}
		{12AEE1B7-A0EA-40B5-946F-44BAFAFAECE7} = {ABB85B73-39E8-476A-A3FE-93267F37B0B0}
		{9145F621-9006-49CB-B8C0-F1C375C5EC83} = {1BA29D83-1F43-465E-A5A2-32F02218F833}
		{CE0A652D-E401-4411-ABC4-C55D15A94238} = {7C4954DC-9DC1-46A1-9CD2-8A4E4BECE08D}
		{198D3FB5-5AEC-4375-A40B-5C0D690E66A9} = {7C4954DC-9DC1-46A1-9CD2-8A4E4BECE08D}
		{FA3D7514-6874-4C19-A3C5-3524943AD753} = {7C4954DC-9DC1-46A1-9CD2-8A4E4BECE08D}
		{5A5B3E8B-CB59-4DB1-B7BC-731BF500495C} = {7C4954DC-9DC1-46A1-9CD2-8A4E4BECE08D}
		{F1ED349F-5F93-4496-940D-92AAF12C9421} = {CE0A652D-E401-4411-ABC4-C55D15A94238}
		{C21CCF4A-27C1-46E6-9A8B-634B89C87C91} = {198D3FB5-5AEC-4375-A40B-5C0D690E66A9}
		{8EA49898-121E-46ED-88B8-55B780CD9CC5} = {FA3D7514-6874-4C19-A3C5-3524943AD753}
		{158B3A2C-3586-42E1-AEE3-E8BBF5A30BA6} = {5A5B3E8B-CB59-4DB1-B7BC-731BF500495C}
		{B93855D8-4B33-4B17-B7B7-39913153DF40} = {7A2E9C43-4C62-4800-AFF3-F63F4A2CF906}
		{771CA20F-7AE8-4D9A-BAE5-C470FADC217B} = {7A2E9C43-4C62-4800-AFF3-F63F4A2CF906}
	EndGlobalSection
EndGlobal
